
Microsoft Visual Studio Solution File, Format Version 12.00
# Visual Studio 15
VisualStudioVersion = 15.0.27428.1
MinimumVisualStudioVersion = 10.0.40219.1
Project("{9A19103F-16F7-4668-BE54-9A1E7A4F7556}") = "PlusGame.Common", "PlusGame.Common\PlusGame.Common.csproj", "{57657A82-34E9-4681-BBE3-985DC24B003F}"
EndProject
Project("{9A19103F-16F7-4668-BE54-9A1E7A4F7556}") = "PlusGame.Message", "PlusGame.Message\PlusGame.Message.csproj", "{F5532C35-DD70-45EF-A738-00936060F29E}"
EndProject
Project("{9A19103F-16F7-4668-BE54-9A1E7A4F7556}") = "PlusGame.Framework", "PlusGame.Framework\PlusGame.Framework.csproj", "{628AF383-8E54-4F63-AF01-061D0A949678}"
EndProject
Project("{9A19103F-16F7-4668-BE54-9A1E7A4F7556}") = "PlusGame.Hotfix", "PlusGame.Hotfix\PlusGame.Hotfix.csproj", "{51E718CA-F3A0-4B88-86A7-C6E59B8D0A4F}"
EndProject
Project("{2150E333-8FDC-42A3-9474-1A3956D46DE8}") = "Testing", "Testing", "{E6286C4D-2FF3-4B8F-9D35-0DC7FA6C4EBF}"
EndProject
Project("{2150E333-8FDC-42A3-9474-1A3956D46DE8}") = "PlusGame", "PlusGame", "{7FE36501-FF87-4DCA-8163-418B09A15FF2}"
EndProject
Project("{9A19103F-16F7-4668-BE54-9A1E7A4F7556}") = "GameServer", "GameServer\GameServer.csproj", "{1691D1CB-52AA-4939-B0AB-DF79514F8381}"
EndProject
Project("{9A19103F-16F7-4668-BE54-9A1E7A4F7556}") = "Node1", "Node1\Node1.csproj", "{91B896FE-54E1-4AB0-916E-A1C27FE26C80}"
EndProject
Project("{9A19103F-16F7-4668-BE54-9A1E7A4F7556}") = "Node2", "Node2\Node2.csproj", "{CC88A73E-718F-42DF-B219-B982B699C951}"
EndProject
Project("{9A19103F-16F7-4668-BE54-9A1E7A4F7556}") = "EventSystem", "EventSystem\EventSystem.csproj", "{01A16221-45D5-4AFC-B314-DD472EE0C1A0}"
EndProject
Project("{2150E333-8FDC-42A3-9474-1A3956D46DE8}") = "Servers", "Servers", "{BE3A21F5-1907-49AB-A1AD-40A509ADAA6F}"
EndProject
Project("{FAE04EC0-301F-11D3-BF4B-00C04F79EFBC}") = "GameLogin", "GameLogin\GameLogin.csproj", "{ED235CB4-E71C-431B-BD30-78FA90202FA4}"
EndProject
Project("{FAE04EC0-301F-11D3-BF4B-00C04F79EFBC}") = "GameGate", "GameGate\GameGate.csproj", "{96B4C0A5-1050-4CC3-94B5-90FA1F16A231}"
EndProject
Project("{FAE04EC0-301F-11D3-BF4B-00C04F79EFBC}") = "GameData", "GameData\GameData.csproj", "{25325813-73FD-4585-9359-5382C14CE7BF}"
EndProject
Project("{FAE04EC0-301F-11D3-BF4B-00C04F79EFBC}") = "GameLogic", "GameLogic\GameLogic.csproj", "{6D4D6EF6-4243-4F67-A5C5-E81C00D2C15D}"
EndProject
Project("{FAE04EC0-301F-11D3-BF4B-00C04F79EFBC}") = "Protocol", "Protocol\Protocol.csproj", "{DA85F5F4-28FF-4339-A5FE-1A2A44E1C83D}"
EndProject
Project("{FAE04EC0-301F-11D3-BF4B-00C04F79EFBC}") = "Package", "Package\Package.csproj", "{8A27C3E4-FAE2-4322-BF42-220F8E17540F}"
EndProject
Global
	GlobalSection(SolutionConfigurationPlatforms) = preSolution
		Debug|Any CPU = Debug|Any CPU
		Release|Any CPU = Release|Any CPU
	EndGlobalSection
	GlobalSection(ProjectConfigurationPlatforms) = postSolution
		{57657A82-34E9-4681-BBE3-985DC24B003F}.Debug|Any CPU.ActiveCfg = Debug|Any CPU
		{57657A82-34E9-4681-BBE3-985DC24B003F}.Debug|Any CPU.Build.0 = Debug|Any CPU
		{57657A82-34E9-4681-BBE3-985DC24B003F}.Release|Any CPU.ActiveCfg = Release|Any CPU
		{57657A82-34E9-4681-BBE3-985DC24B003F}.Release|Any CPU.Build.0 = Release|Any CPU
		{F5532C35-DD70-45EF-A738-00936060F29E}.Debug|Any CPU.ActiveCfg = Debug|Any CPU
		{F5532C35-DD70-45EF-A738-00936060F29E}.Debug|Any CPU.Build.0 = Debug|Any CPU
		{F5532C35-DD70-45EF-A738-00936060F29E}.Release|Any CPU.ActiveCfg = Release|Any CPU
		{F5532C35-DD70-45EF-A738-00936060F29E}.Release|Any CPU.Build.0 = Release|Any CPU
		{628AF383-8E54-4F63-AF01-061D0A949678}.Debug|Any CPU.ActiveCfg = Debug|Any CPU
		{628AF383-8E54-4F63-AF01-061D0A949678}.Debug|Any CPU.Build.0 = Debug|Any CPU
		{628AF383-8E54-4F63-AF01-061D0A949678}.Release|Any CPU.ActiveCfg = Release|Any CPU
		{628AF383-8E54-4F63-AF01-061D0A949678}.Release|Any CPU.Build.0 = Release|Any CPU
		{51E718CA-F3A0-4B88-86A7-C6E59B8D0A4F}.Debug|Any CPU.ActiveCfg = Debug|Any CPU
		{51E718CA-F3A0-4B88-86A7-C6E59B8D0A4F}.Debug|Any CPU.Build.0 = Debug|Any CPU
		{51E718CA-F3A0-4B88-86A7-C6E59B8D0A4F}.Release|Any CPU.ActiveCfg = Release|Any CPU
		{51E718CA-F3A0-4B88-86A7-C6E59B8D0A4F}.Release|Any CPU.Build.0 = Release|Any CPU
		{1691D1CB-52AA-4939-B0AB-DF79514F8381}.Debug|Any CPU.ActiveCfg = Debug|Any CPU
		{1691D1CB-52AA-4939-B0AB-DF79514F8381}.Debug|Any CPU.Build.0 = Debug|Any CPU
		{1691D1CB-52AA-4939-B0AB-DF79514F8381}.Release|Any CPU.ActiveCfg = Release|Any CPU
		{1691D1CB-52AA-4939-B0AB-DF79514F8381}.Release|Any CPU.Build.0 = Release|Any CPU
		{91B896FE-54E1-4AB0-916E-A1C27FE26C80}.Debug|Any CPU.ActiveCfg = Debug|Any CPU
		{91B896FE-54E1-4AB0-916E-A1C27FE26C80}.Debug|Any CPU.Build.0 = Debug|Any CPU
		{91B896FE-54E1-4AB0-916E-A1C27FE26C80}.Release|Any CPU.ActiveCfg = Release|Any CPU
		{91B896FE-54E1-4AB0-916E-A1C27FE26C80}.Release|Any CPU.Build.0 = Release|Any CPU
		{CC88A73E-718F-42DF-B219-B982B699C951}.Debug|Any CPU.ActiveCfg = Debug|Any CPU
		{CC88A73E-718F-42DF-B219-B982B699C951}.Debug|Any CPU.Build.0 = Debug|Any CPU
		{CC88A73E-718F-42DF-B219-B982B699C951}.Release|Any CPU.ActiveCfg = Release|Any CPU
		{CC88A73E-718F-42DF-B219-B982B699C951}.Release|Any CPU.Build.0 = Release|Any CPU
		{01A16221-45D5-4AFC-B314-DD472EE0C1A0}.Debug|Any CPU.ActiveCfg = Debug|Any CPU
		{01A16221-45D5-4AFC-B314-DD472EE0C1A0}.Debug|Any CPU.Build.0 = Debug|Any CPU
		{01A16221-45D5-4AFC-B314-DD472EE0C1A0}.Release|Any CPU.ActiveCfg = Release|Any CPU
		{01A16221-45D5-4AFC-B314-DD472EE0C1A0}.Release|Any CPU.Build.0 = Release|Any CPU
		{ED235CB4-E71C-431B-BD30-78FA90202FA4}.Debug|Any CPU.ActiveCfg = Debug|Any CPU
		{ED235CB4-E71C-431B-BD30-78FA90202FA4}.Debug|Any CPU.Build.0 = Debug|Any CPU
		{ED235CB4-E71C-431B-BD30-78FA90202FA4}.Release|Any CPU.ActiveCfg = Release|Any CPU
		{ED235CB4-E71C-431B-BD30-78FA90202FA4}.Release|Any CPU.Build.0 = Release|Any CPU
		{96B4C0A5-1050-4CC3-94B5-90FA1F16A231}.Debug|Any CPU.ActiveCfg = Debug|Any CPU
		{96B4C0A5-1050-4CC3-94B5-90FA1F16A231}.Debug|Any CPU.Build.0 = Debug|Any CPU
		{96B4C0A5-1050-4CC3-94B5-90FA1F16A231}.Release|Any CPU.ActiveCfg = Release|Any CPU
		{96B4C0A5-1050-4CC3-94B5-90FA1F16A231}.Release|Any CPU.Build.0 = Release|Any CPU
		{25325813-73FD-4585-9359-5382C14CE7BF}.Debug|Any CPU.ActiveCfg = Debug|Any CPU
		{25325813-73FD-4585-9359-5382C14CE7BF}.Debug|Any CPU.Build.0 = Debug|Any CPU
		{25325813-73FD-4585-9359-5382C14CE7BF}.Release|Any CPU.ActiveCfg = Release|Any CPU
		{25325813-73FD-4585-9359-5382C14CE7BF}.Release|Any CPU.Build.0 = Release|Any CPU
		{6D4D6EF6-4243-4F67-A5C5-E81C00D2C15D}.Debug|Any CPU.ActiveCfg = Debug|Any CPU
		{6D4D6EF6-4243-4F67-A5C5-E81C00D2C15D}.Debug|Any CPU.Build.0 = Debug|Any CPU
		{6D4D6EF6-4243-4F67-A5C5-E81C00D2C15D}.Release|Any CPU.ActiveCfg = Release|Any CPU
		{6D4D6EF6-4243-4F67-A5C5-E81C00D2C15D}.Release|Any CPU.Build.0 = Release|Any CPU
		{DA85F5F4-28FF-4339-A5FE-1A2A44E1C83D}.Debug|Any CPU.ActiveCfg = Debug|Any CPU
		{DA85F5F4-28FF-4339-A5FE-1A2A44E1C83D}.Debug|Any CPU.Build.0 = Debug|Any CPU
		{DA85F5F4-28FF-4339-A5FE-1A2A44E1C83D}.Release|Any CPU.ActiveCfg = Release|Any CPU
		{DA85F5F4-28FF-4339-A5FE-1A2A44E1C83D}.Release|Any CPU.Build.0 = Release|Any CPU
		{8A27C3E4-FAE2-4322-BF42-220F8E17540F}.Debug|Any CPU.ActiveCfg = Debug|Any CPU
		{8A27C3E4-FAE2-4322-BF42-220F8E17540F}.Debug|Any CPU.Build.0 = Debug|Any CPU
		{8A27C3E4-FAE2-4322-BF42-220F8E17540F}.Release|Any CPU.ActiveCfg = Release|Any CPU
		{8A27C3E4-FAE2-4322-BF42-220F8E17540F}.Release|Any CPU.Build.0 = Release|Any CPU
	EndGlobalSection
	GlobalSection(SolutionProperties) = preSolution
		HideSolutionNode = FALSE
	EndGlobalSection
	GlobalSection(NestedProjects) = preSolution
		{57657A82-34E9-4681-BBE3-985DC24B003F} = {7FE36501-FF87-4DCA-8163-418B09A15FF2}
		{F5532C35-DD70-45EF-A738-00936060F29E} = {7FE36501-FF87-4DCA-8163-418B09A15FF2}
		{628AF383-8E54-4F63-AF01-061D0A949678} = {7FE36501-FF87-4DCA-8163-418B09A15FF2}
		{51E718CA-F3A0-4B88-86A7-C6E59B8D0A4F} = {7FE36501-FF87-4DCA-8163-418B09A15FF2}
		{91B896FE-54E1-4AB0-916E-A1C27FE26C80} = {E6286C4D-2FF3-4B8F-9D35-0DC7FA6C4EBF}
		{CC88A73E-718F-42DF-B219-B982B699C951} = {E6286C4D-2FF3-4B8F-9D35-0DC7FA6C4EBF}
		{01A16221-45D5-4AFC-B314-DD472EE0C1A0} = {E6286C4D-2FF3-4B8F-9D35-0DC7FA6C4EBF}
		{ED235CB4-E71C-431B-BD30-78FA90202FA4} = {BE3A21F5-1907-49AB-A1AD-40A509ADAA6F}
		{96B4C0A5-1050-4CC3-94B5-90FA1F16A231} = {BE3A21F5-1907-49AB-A1AD-40A509ADAA6F}
		{25325813-73FD-4585-9359-5382C14CE7BF} = {BE3A21F5-1907-49AB-A1AD-40A509ADAA6F}
		{6D4D6EF6-4243-4F67-A5C5-E81C00D2C15D} = {BE3A21F5-1907-49AB-A1AD-40A509ADAA6F}
		{DA85F5F4-28FF-4339-A5FE-1A2A44E1C83D} = {E6286C4D-2FF3-4B8F-9D35-0DC7FA6C4EBF}
		{8A27C3E4-FAE2-4322-BF42-220F8E17540F} = {E6286C4D-2FF3-4B8F-9D35-0DC7FA6C4EBF}
	EndGlobalSection
	GlobalSection(ExtensibilityGlobals) = postSolution
		SolutionGuid = {2CEFA988-C944-4F2A-B107-4514382FF9EF}
	EndGlobalSection
EndGlobal
